
Microsoft Visual Studio Solution File, Format Version 11.00
# Visual Studio 2010
Project("{FAE04EC0-301F-11D3-BF4B-00C04F79EFBC}") = "A-Rolling-Stone", "Assembly-CSharp-firstpass.csproj", "{751BAE6A-7553-F877-A3AA-AD8F1FD88A6A}"
EndProject
Project("{FAE04EC0-301F-11D3-BF4B-00C04F79EFBC}") = "A-Rolling-Stone", "Assembly-CSharp.csproj", "{29AE68BA-7BCD-5E83-5589-B4D5C0A22279}"
EndProject
Project("{FAE04EC0-301F-11D3-BF4B-00C04F79EFBC}") = "A-Rolling-Stone", "Assembly-CSharp-Editor-firstpass.csproj", "{9376C39A-218F-117B-518C-83A21390FFE1}"
EndProject
Project("{FAE04EC0-301F-11D3-BF4B-00C04F79EFBC}") = "A-Rolling-Stone", "Assembly-CSharp-Editor.csproj", "{F02003C7-E716-DBA5-175D-B36DEC54B8DA}"
EndProject
Project("{CE099EB1-7B0E-90BB-B154-F0BAED83D3C3}") = "A-Rolling-Stone", "Assembly-UnityScript.unityproj", "{7BB86D63-21FB-326D-2633-E6CF4028FBB6}"
EndProject
Global
	GlobalSection(SolutionConfigurationPlatforms) = preSolution
		Debug|Any CPU = Debug|Any CPU
		Release|Any CPU = Release|Any CPU
	EndGlobalSection
	GlobalSection(ProjectConfigurationPlatforms) = postSolution
		{751BAE6A-7553-F877-A3AA-AD8F1FD88A6A}.Debug|Any CPU.ActiveCfg = Debug|Any CPU
		{751BAE6A-7553-F877-A3AA-AD8F1FD88A6A}.Debug|Any CPU.Build.0 = Debug|Any CPU
		{751BAE6A-7553-F877-A3AA-AD8F1FD88A6A}.Release|Any CPU.ActiveCfg = Release|Any CPU
		{751BAE6A-7553-F877-A3AA-AD8F1FD88A6A}.Release|Any CPU.Build.0 = Release|Any CPU
		{29AE68BA-7BCD-5E83-5589-B4D5C0A22279}.Debug|Any CPU.ActiveCfg = Debug|Any CPU
		{29AE68BA-7BCD-5E83-5589-B4D5C0A22279}.Debug|Any CPU.Build.0 = Debug|Any CPU
		{29AE68BA-7BCD-5E83-5589-B4D5C0A22279}.Release|Any CPU.ActiveCfg = Release|Any CPU
		{29AE68BA-7BCD-5E83-5589-B4D5C0A22279}.Release|Any CPU.Build.0 = Release|Any CPU
		{9376C39A-218F-117B-518C-83A21390FFE1}.Debug|Any CPU.ActiveCfg = Debug|Any CPU
		{9376C39A-218F-117B-518C-83A21390FFE1}.Debug|Any CPU.Build.0 = Debug|Any CPU
		{9376C39A-218F-117B-518C-83A21390FFE1}.Release|Any CPU.ActiveCfg = Release|Any CPU
		{9376C39A-218F-117B-518C-83A21390FFE1}.Release|Any CPU.Build.0 = Release|Any CPU
		{F02003C7-E716-DBA5-175D-B36DEC54B8DA}.Debug|Any CPU.ActiveCfg = Debug|Any CPU
		{F02003C7-E716-DBA5-175D-B36DEC54B8DA}.Debug|Any CPU.Build.0 = Debug|Any CPU
		{F02003C7-E716-DBA5-175D-B36DEC54B8DA}.Release|Any CPU.ActiveCfg = Release|Any CPU
		{F02003C7-E716-DBA5-175D-B36DEC54B8DA}.Release|Any CPU.Build.0 = Release|Any CPU
		{7BB86D63-21FB-326D-2633-E6CF4028FBB6}.Debug|Any CPU.ActiveCfg = Debug|Any CPU
		{7BB86D63-21FB-326D-2633-E6CF4028FBB6}.Debug|Any CPU.Build.0 = Debug|Any CPU
		{7BB86D63-21FB-326D-2633-E6CF4028FBB6}.Release|Any CPU.ActiveCfg = Release|Any CPU
		{7BB86D63-21FB-326D-2633-E6CF4028FBB6}.Release|Any CPU.Build.0 = Release|Any CPU
	EndGlobalSection
	GlobalSection(SolutionProperties) = preSolution
		HideSolutionNode = FALSE
	EndGlobalSection
	GlobalSection(MonoDevelopProperties) = preSolution
		StartupItem = Assembly-CSharp.csproj
	EndGlobalSection
EndGlobal
