
Microsoft Visual Studio Solution File, Format Version 12.00
# Visual Studio 2017
Project("{FAE04EC0-301F-11D3-BF4B-00C04F79EFBC}") = "A-rolling-stone.Plugins", "A-rolling-stone.Plugins.csproj", "{EAE5E097-2525-E277-63E0-A33ABF74EAD5}"
EndProject
Project("{FAE04EC0-301F-11D3-BF4B-00C04F79EFBC}") = "A-rolling-stone", "A-rolling-stone.csproj", "{4DF30279-9826-5A98-2053-CC64D3C6CB5B}"
EndProject
Project("{FAE04EC0-301F-11D3-BF4B-00C04F79EFBC}") = "A-rolling-stone.Editor.Plugins", "A-rolling-stone.Editor.Plugins.csproj", "{B2F323B9-C41E-277A-C3F3-DAD244A9CA91}"
EndProject
Project("{FAE04EC0-301F-11D3-BF4B-00C04F79EFBC}") = "A-rolling-stone.Editor", "A-rolling-stone.Editor.csproj", "{9AAA6F14-E450-EE9F-1CA2-C6BDB6B27E0C}"
EndProject
Global
	GlobalSection(SolutionConfigurationPlatforms) = preSolution
		Debug|Any CPU = Debug|Any CPU
		Release|Any CPU = Release|Any CPU
	EndGlobalSection
	GlobalSection(ProjectConfigurationPlatforms) = postSolution
		{EAE5E097-2525-E277-63E0-A33ABF74EAD5}.Debug|Any CPU.ActiveCfg = Debug|Any CPU
		{EAE5E097-2525-E277-63E0-A33ABF74EAD5}.Debug|Any CPU.Build.0 = Debug|Any CPU
		{EAE5E097-2525-E277-63E0-A33ABF74EAD5}.Release|Any CPU.ActiveCfg = Release|Any CPU
		{EAE5E097-2525-E277-63E0-A33ABF74EAD5}.Release|Any CPU.Build.0 = Release|Any CPU
		{4DF30279-9826-5A98-2053-CC64D3C6CB5B}.Debug|Any CPU.ActiveCfg = Debug|Any CPU
		{4DF30279-9826-5A98-2053-CC64D3C6CB5B}.Debug|Any CPU.Build.0 = Debug|Any CPU
		{4DF30279-9826-5A98-2053-CC64D3C6CB5B}.Release|Any CPU.ActiveCfg = Release|Any CPU
		{4DF30279-9826-5A98-2053-CC64D3C6CB5B}.Release|Any CPU.Build.0 = Release|Any CPU
		{B2F323B9-C41E-277A-C3F3-DAD244A9CA91}.Debug|Any CPU.ActiveCfg = Debug|Any CPU
		{B2F323B9-C41E-277A-C3F3-DAD244A9CA91}.Debug|Any CPU.Build.0 = Debug|Any CPU
		{B2F323B9-C41E-277A-C3F3-DAD244A9CA91}.Release|Any CPU.ActiveCfg = Release|Any CPU
		{B2F323B9-C41E-277A-C3F3-DAD244A9CA91}.Release|Any CPU.Build.0 = Release|Any CPU
		{9AAA6F14-E450-EE9F-1CA2-C6BDB6B27E0C}.Debug|Any CPU.ActiveCfg = Debug|Any CPU
		{9AAA6F14-E450-EE9F-1CA2-C6BDB6B27E0C}.Debug|Any CPU.Build.0 = Debug|Any CPU
		{9AAA6F14-E450-EE9F-1CA2-C6BDB6B27E0C}.Release|Any CPU.ActiveCfg = Release|Any CPU
		{9AAA6F14-E450-EE9F-1CA2-C6BDB6B27E0C}.Release|Any CPU.Build.0 = Release|Any CPU
	EndGlobalSection
	GlobalSection(SolutionProperties) = preSolution
		HideSolutionNode = FALSE
	EndGlobalSection
EndGlobal
